
Microsoft Visual Studio Solution File, Format Version 12.00
# Visual Studio Version 17
VisualStudioVersion = 17.0.31912.275
MinimumVisualStudioVersion = 10.0.40219.1
Project("{9A19103F-16F7-4668-BE54-9A1E7A4F7556}") = "StudentManagement.Tests", "StudentManagement.Tests\StudentManagement.Tests.csproj", "{D308AEBC-AF4C-42BD-948A-3BFE7BDCBD6F}"
EndProject
Project("{9A19103F-16F7-4668-BE54-9A1E7A4F7556}") = "StudentManagement.Domain", "StudentManagement.Domain\StudentManagement.Domain.csproj", "{B2DB72AD-95BE-4C9D-ACBD-B3D1836DEF1C}"
EndProject
Project("{9A19103F-16F7-4668-BE54-9A1E7A4F7556}") = "StudentManagement.Api", "StudentManagement.Api\StudentManagement.Api.csproj", "{82BCD9D1-2F81-4C06-8640-45BB35D8AA3D}"
EndProject
Global
	GlobalSection(SolutionConfigurationPlatforms) = preSolution
		Debug|Any CPU = Debug|Any CPU
		Release|Any CPU = Release|Any CPU
	EndGlobalSection
	GlobalSection(ProjectConfigurationPlatforms) = postSolution
		{D308AEBC-AF4C-42BD-948A-3BFE7BDCBD6F}.Debug|Any CPU.ActiveCfg = Debug|Any CPU
		{D308AEBC-AF4C-42BD-948A-3BFE7BDCBD6F}.Debug|Any CPU.Build.0 = Debug|Any CPU
		{D308AEBC-AF4C-42BD-948A-3BFE7BDCBD6F}.Release|Any CPU.ActiveCfg = Release|Any CPU
		{D308AEBC-AF4C-42BD-948A-3BFE7BDCBD6F}.Release|Any CPU.Build.0 = Release|Any CPU
		{B2DB72AD-95BE-4C9D-ACBD-B3D1836DEF1C}.Debug|Any CPU.ActiveCfg = Debug|Any CPU
		{B2DB72AD-95BE-4C9D-ACBD-B3D1836DEF1C}.Debug|Any CPU.Build.0 = Debug|Any CPU
		{B2DB72AD-95BE-4C9D-ACBD-B3D1836DEF1C}.Release|Any CPU.ActiveCfg = Release|Any CPU
		{B2DB72AD-95BE-4C9D-ACBD-B3D1836DEF1C}.Release|Any CPU.Build.0 = Release|Any CPU
		{82BCD9D1-2F81-4C06-8640-45BB35D8AA3D}.Debug|Any CPU.ActiveCfg = Debug|Any CPU
		{82BCD9D1-2F81-4C06-8640-45BB35D8AA3D}.Debug|Any CPU.Build.0 = Debug|Any CPU
		{82BCD9D1-2F81-4C06-8640-45BB35D8AA3D}.Release|Any CPU.ActiveCfg = Release|Any CPU
		{82BCD9D1-2F81-4C06-8640-45BB35D8AA3D}.Release|Any CPU.Build.0 = Release|Any CPU
	EndGlobalSection
	GlobalSection(SolutionProperties) = preSolution
		HideSolutionNode = FALSE
	EndGlobalSection
	GlobalSection(ExtensibilityGlobals) = postSolution
		SolutionGuid = {6CB09683-B70F-4874-B3E2-07DADFB94DAD}
	EndGlobalSection
EndGlobal
